
Microsoft Visual Studio Solution File, Format Version 12.00
Project("{FAE04EC0-301F-11D3-BF4B-00C04F79EFBC}") = "APBDKolokwium2", "APBDKolokwium2\APBDKolokwium2.csproj", "{AF09C6A8-2FEC-4741-B8C9-39F6C39EDE9E}"
EndProject
Global
	GlobalSection(SolutionConfigurationPlatforms) = preSolution
		Debug|Any CPU = Debug|Any CPU
		Release|Any CPU = Release|Any CPU
	EndGlobalSection
	GlobalSection(ProjectConfigurationPlatforms) = postSolution
		{AF09C6A8-2FEC-4741-B8C9-39F6C39EDE9E}.Debug|Any CPU.ActiveCfg = Debug|Any CPU
		{AF09C6A8-2FEC-4741-B8C9-39F6C39EDE9E}.Debug|Any CPU.Build.0 = Debug|Any CPU
		{AF09C6A8-2FEC-4741-B8C9-39F6C39EDE9E}.Release|Any CPU.ActiveCfg = Release|Any CPU
		{AF09C6A8-2FEC-4741-B8C9-39F6C39EDE9E}.Release|Any CPU.Build.0 = Release|Any CPU
	EndGlobalSection
EndGlobal
